# This file is automatically @generated by Poetry 1.8.2 and should not be changed by hand.

[[package]]
name = "polars"
version = "1.5.0"
description = "Blazingly fast DataFrame library"
optional = false
python-versions = ">=3.8"
files = [
    {file = "polars-1.5.0-cp38-abi3-macosx_10_12_x86_64.whl", hash = "sha256:71c27a30633d969bb09b3afac4f59abf5efe0fe846693b232d8229aef48a3138"},
    {file = "polars-1.5.0-cp38-abi3-macosx_11_0_arm64.whl", hash = "sha256:f7e3f64115eaa85d5ec4b483028a6c791acae1ccd38ea628facd56ec88711be1"},
    {file = "polars-1.5.0-cp38-abi3-manylinux_2_17_x86_64.manylinux2014_x86_64.whl", hash = "sha256:63a242b1cce7bf2502bb68e269b01b593068c798b47025fb17ac5b89603e9d8f"},
    {file = "polars-1.5.0-cp38-abi3-manylinux_2_24_aarch64.whl", hash = "sha256:07da471fdbc4743a75f507c57602c512ed5e38b920372f9eeb95db9d9e99a73f"},
    {file = "polars-1.5.0-cp38-abi3-win_amd64.whl", hash = "sha256:eb41530c60700f11a1ade183712270ed864f91acea7d189b316e5c56368ee824"},
    {file = "polars-1.5.0.tar.gz", hash = "sha256:22f767d28d76e54ff15aa38fd58c6ff9e510f22f5e20bb72e6428d70a17ba56a"},
]

[package.extras]
adbc = ["adbc-driver-manager[dbapi]", "adbc-driver-sqlite[dbapi]"]
all = ["polars[async,cloudpickle,database,deltalake,excel,fsspec,graph,iceberg,numpy,pandas,plot,pyarrow,pydantic,style,timezone]"]
async = ["gevent"]
calamine = ["fastexcel (>=0.9)"]
cloudpickle = ["cloudpickle"]
connectorx = ["connectorx (>=0.3.2)"]
database = ["nest-asyncio", "polars[adbc,connectorx,sqlalchemy]"]
deltalake = ["deltalake (>=0.15.0)"]
excel = ["polars[calamine,openpyxl,xlsx2csv,xlsxwriter]"]
fsspec = ["fsspec"]
gpu = ["cudf-polars-cu12"]
graph = ["matplotlib"]
iceberg = ["pyiceberg (>=0.5.0)"]
numpy = ["numpy (>=1.16.0)"]
openpyxl = ["openpyxl (>=3.0.0)"]
pandas = ["pandas", "polars[pyarrow]"]
plot = ["hvplot (>=0.9.1)", "polars[pandas]"]
pyarrow = ["pyarrow (>=7.0.0)"]
pydantic = ["pydantic"]
sqlalchemy = ["polars[pandas]", "sqlalchemy"]
style = ["great-tables (>=0.8.0)"]
timezone = ["backports-zoneinfo", "tzdata"]
xlsx2csv = ["xlsx2csv (>=0.8.0)"]
xlsxwriter = ["xlsxwriter"]

[metadata]
lock-version = "2.0"
python-versions = "^3.12"
content-hash = "5fd1d82a26cb4ddeaebefb4e2bc5e267489fd9b3051fd299cbf00ff54378d125"
